lockfileVersion: '6.0'

settings:
  autoInstallPeers: true
  excludeLinksFromLockfile: false

dependencies:
  clsx:
    specifier: ^2.1.1
    version: 2.1.1
  framer-motion:
    specifier: ^12.9.2
    version: 12.9.2
  lucide-react:
    specifier: ^0.447.0
    version: 0.447.0(react@18.3.1)
  react:
    specifier: ^18.3.1
    version: 18.3.1
  react-dom:
    specifier: ^18.3.1
    version: 18.3.1(react@18.3.1)
  react-router-dom:
    specifier: ^7.3.0
    version: 7.3.0(react-dom@18.3.1)(react@18.3.1)
  recharts:
    specifier: ^2.15.1
    version: 2.15.1(react@18.3.1)
  sonner:
    specifier: ^2.0.2
    version: 2.0.2(react-dom@18.3.1)(react@18.3.1)
  tailwind-merge:
    specifier: ^3.0.2
    version: 3.0.2
  zod:
    specifier: ^3.24.2
    version: 3.24.2

devDependencies:
  '@types/react':
    specifier: ^18.3.12
    version: 18.3.12
  '@types/react-dom':
    specifier: ^18.3.1
    version: 18.3.1
  '@vitejs/plugin-react':
    specifier: ^4.3.4
    version: 4.3.4(vite@6.2.0)
  autoprefixer:
    specifier: ^10.4.21
    version: 10.4.21(postcss@8.5.3)
  postcss:
    specifier: ^8.5.3
    version: 8.5.3
  tailwindcss:
    specifier: ^3.4.17
    version: 3.4.17(postcss@8.5.3)
  typescript:
    specifier: ~5.7.2
    version: 5.7.2
  vite:
    specifier: ^6.2.0
    version: 6.2.0
  vite-tsconfig-paths:
    specifier: ^5.1.4
    version: 5.1.4(typescript@5.7.2)(vite@6.2.0)